
Microsoft Visual Studio Solution File, Format Version 12.00
# Visual Studio Version 17
VisualStudioVersion = 17.3.32825.248
MinimumVisualStudioVersion = 10.0.40219.1
Project("{FAE04EC0-301F-11D3-BF4B-00C04F79EFBC}") = "GroupClient", "GroupClient\GroupClient.csproj", "{E421A16D-F9CE-4128-B1D2-89D1199ABA5D}"
EndProject
Project("{FAE04EC0-301F-11D3-BF4B-00C04F79EFBC}") = "GroupServer", "GroupServer\GroupServer.csproj", "{258A81D5-1B1D-4181-B775-285591EDC3BB}"
EndProject
Project("{FAE04EC0-301F-11D3-BF4B-00C04F79EFBC}") = "Common", "Common\Common.csproj", "{1C0C4081-37BF-4D9C-BB86-11C0AA943BE6}"
EndProject
Global
	GlobalSection(SolutionConfigurationPlatforms) = preSolution
		Debug|Any CPU = Debug|Any CPU
		Release|Any CPU = Release|Any CPU
	EndGlobalSection
	GlobalSection(ProjectConfigurationPlatforms) = postSolution
		{E421A16D-F9CE-4128-B1D2-89D1199ABA5D}.Debug|Any CPU.ActiveCfg = Debug|Any CPU
		{E421A16D-F9CE-4128-B1D2-89D1199ABA5D}.Debug|Any CPU.Build.0 = Debug|Any CPU
		{E421A16D-F9CE-4128-B1D2-89D1199ABA5D}.Release|Any CPU.ActiveCfg = Release|Any CPU
		{E421A16D-F9CE-4128-B1D2-89D1199ABA5D}.Release|Any CPU.Build.0 = Release|Any CPU
		{258A81D5-1B1D-4181-B775-285591EDC3BB}.Debug|Any CPU.ActiveCfg = Debug|Any CPU
		{258A81D5-1B1D-4181-B775-285591EDC3BB}.Debug|Any CPU.Build.0 = Debug|Any CPU
		{258A81D5-1B1D-4181-B775-285591EDC3BB}.Release|Any CPU.ActiveCfg = Release|Any CPU
		{258A81D5-1B1D-4181-B775-285591EDC3BB}.Release|Any CPU.Build.0 = Release|Any CPU
		{1C0C4081-37BF-4D9C-BB86-11C0AA943BE6}.Debug|Any CPU.ActiveCfg = Debug|Any CPU
		{1C0C4081-37BF-4D9C-BB86-11C0AA943BE6}.Debug|Any CPU.Build.0 = Debug|Any CPU
		{1C0C4081-37BF-4D9C-BB86-11C0AA943BE6}.Release|Any CPU.ActiveCfg = Release|Any CPU
		{1C0C4081-37BF-4D9C-BB86-11C0AA943BE6}.Release|Any CPU.Build.0 = Release|Any CPU
	EndGlobalSection
	GlobalSection(SolutionProperties) = preSolution
		HideSolutionNode = FALSE
	EndGlobalSection
	GlobalSection(ExtensibilityGlobals) = postSolution
		SolutionGuid = {147EC921-DA9A-487A-BEB1-72D697F7C869}
	EndGlobalSection
EndGlobal
